{
  "requires": true,
  "lockfileVersion": 1,
  "dependencies": {
    "@sentry/core": {
      "version": "6.11.0",
      "resolved": "https://registry.npmjs.org/@sentry/core/-/core-6.11.0.tgz",
      "integrity": "sha512-09TB+f3pqEq8LFahFWHO6I/4DxHo+NcS52OkbWMDqEi6oNZRD7PhPn3i14LfjsYVv3u3AESU8oxSEGbFrr2UjQ==",
      "requires": {
        "@sentry/hub": "6.11.0",
        "@sentry/minimal": "6.11.0",
        "@sentry/types": "6.11.0",
        "@sentry/utils": "6.11.0",
        "tslib": "^1.9.3"
      }
    },
    "@sentry/hub": {
      "version": "6.11.0",
      "resolved": "https://registry.npmjs.org/@sentry/hub/-/hub-6.11.0.tgz",
      "integrity": "sha512-pT9hf+ZJfVFpoZopoC+yJmFNclr4NPqPcl2cgguqCHb69DklD1NxgBNWK8D6X05qjnNFDF991U6t1mxP9HrGuw==",
      "requires": {
        "@sentry/types": "6.11.0",
        "@sentry/utils": "6.11.0",
        "tslib": "^1.9.3"
      }
    },
    "@sentry/minimal": {
      "version": "6.11.0",
      "resolved": "https://registry.npmjs.org/@sentry/minimal/-/minimal-6.11.0.tgz",
      "integrity": "sha512-XkZ7qrdlGp4IM/gjGxf1Q575yIbl5RvPbg+WFeekpo16Ufvzx37Mr8c2xsZaWosISVyE6eyFpooORjUlzy8EDw==",
      "requires": {
        "@sentry/hub": "6.11.0",
        "@sentry/types": "6.11.0",
        "tslib": "^1.9.3"
      }
    },
    "@sentry/node": {
      "version": "6.11.0",
      "resolved": "https://registry.npmjs.org/@sentry/node/-/node-6.11.0.tgz",
      "integrity": "sha512-vbk+V/n7ZIFD8rHPYy03t/gIG5V7LGdjU4qJxVDgNZzticfWPnd2sLgle/r+l60XF6SKW/epG4rnxnBcgPdWaw==",
      "requires": {
        "@sentry/core": "6.11.0",
        "@sentry/hub": "6.11.0",
        "@sentry/tracing": "6.11.0",
        "@sentry/types": "6.11.0",
        "@sentry/utils": "6.11.0",
        "cookie": "^0.4.1",
        "https-proxy-agent": "^5.0.0",
        "lru_map": "^0.3.3",
        "tslib": "^1.9.3"
      }
    },
    "@sentry/tracing": {
      "version": "6.11.0",
      "resolved": "https://registry.npmjs.org/@sentry/tracing/-/tracing-6.11.0.tgz",
      "integrity": "sha512-9VA1/SY++WeoMQI4K6n/sYgIdRtCu9NLWqmGqu/5kbOtESYFgAt1DqSyqGCr00ZjQiC2s7tkDkTNZb38K6KytQ==",
      "requires": {
        "@sentry/hub": "6.11.0",
        "@sentry/minimal": "6.11.0",
        "@sentry/types": "6.11.0",
        "@sentry/utils": "6.11.0",
        "tslib": "^1.9.3"
      }
    },
    "@sentry/types": {
      "version": "6.11.0",
      "resolved": "https://registry.npmjs.org/@sentry/types/-/types-6.11.0.tgz",
      "integrity": "sha512-gm5H9eZhL6bsIy/h3T+/Fzzz2vINhHhqd92CjHle3w7uXdTdFV98i2pDpErBGNTSNzbntqOMifYEB5ENtZAvcg=="
    },
    "@sentry/utils": {
      "version": "6.11.0",
      "resolved": "https://registry.npmjs.org/@sentry/utils/-/utils-6.11.0.tgz",
      "integrity": "sha512-IOvyFHcnbRQxa++jO+ZUzRvFHEJ1cZjrBIQaNVc0IYF0twUOB5PTP6joTcix38ldaLeapaPZ9LGfudbvYvxkdg==",
      "requires": {
        "@sentry/types": "6.11.0",
        "tslib": "^1.9.3"
      }
    },
    "agent-base": {
      "version": "6.0.2",
      "resolved": "https://registry.npmjs.org/agent-base/-/agent-base-6.0.2.tgz",
      "integrity": "sha512-RZNwNclF7+MS/8bDg70amg32dyeZGZxiDuQmZxKLAlQjr3jGyLx+4Kkk58UO7D2QdgFIQCovuSuZESne6RG6XQ==",
      "requires": {
        "debug": "4"
      }
    },
    "cookie": {
      "version": "0.4.1",
      "resolved": "https://registry.npmjs.org/cookie/-/cookie-0.4.1.tgz",
      "integrity": "sha512-ZwrFkGJxUR3EIoXtO+yVE69Eb7KlixbaeAWfBQB9vVsNn/o+Yw69gBWSSDK825hQNdN+wF8zELf3dFNl/kxkUA=="
    },
    "debug": {
      "version": "4.3.1",
      "resolved": "https://registry.npmjs.org/debug/-/debug-4.3.1.tgz",
      "integrity": "sha512-doEwdvm4PCeK4K3RQN2ZC2BYUBaxwLARCqZmMjtF8a51J2Rb0xpVloFRnCODwqjpwnAoao4pelN8l3RJdv3gRQ==",
      "requires": {
        "ms": "2.1.2"
      }
    },
    "https-proxy-agent": {
      "version": "5.0.0",
      "resolved": "https://registry.npmjs.org/https-proxy-agent/-/https-proxy-agent-5.0.0.tgz",
      "integrity": "sha512-EkYm5BcKUGiduxzSt3Eppko+PiNWNEpa4ySk9vTC6wDsQJW9rHSa+UhGNJoRYp7bz6Ht1eaRIa6QaJqO5rCFbA==",
      "requires": {
        "agent-base": "6",
        "debug": "4"
      }
    },
    "lru_map": {
      "version": "0.3.3",
      "resolved": "https://registry.npmjs.org/lru_map/-/lru_map-0.3.3.tgz",
      "integrity": "sha1-tcg1G5Rky9dQM1p5ZQoOwOVhGN0="
    },
    "ms": {
      "version": "2.1.2",
      "resolved": "https://registry.npmjs.org/ms/-/ms-2.1.2.tgz",
      "integrity": "sha512-sGkPx+VjMtmA6MX27oA4FBFELFCZZ4S4XqeGOXCv68tT+jb3vk/RyaKWP0PTKyWtmLSM0b+adUTEvbs1PEaH2w=="
    },
    "tslib": {
      "version": "1.14.1",
      "resolved": "https://registry.npmjs.org/tslib/-/tslib-1.14.1.tgz",
      "integrity": "sha512-Xni35NKzjgMrwevysHTCArtLDpPvye8zV/0E4EyYn43P7/7qvQwPh9BGkHewbMulVntbigmcT7rdX3BNo9wRJg=="
    }
  }
}
